<Solution>
  <Folder Name="/libraries/">
    <Project Path="libraries/contracts/Masicarus.Game.Contracts/Masicarus.Game.Contracts.csproj" />
    <Project Path="libraries/protocol-legacy/Masicarus.LegacyProtocol/Masicarus.LegacyProtocol.csproj" />
    <Project Path="libraries/runtime/Masicarus.Game.Runtime/Masicarus.Game.Runtime.csproj" />
  </Folder>
  <Folder Name="/services/">
    <Project Path="services/coordinator/Masicarus.MainServer/Masicarus.MainServer.csproj" />
    <Project Path="services/lobby/Masicarus.LobbyServer/Masicarus.LobbyServer.csproj" />
    <Project Path="services/login/Masicarus.LoginServer/Masicarus.LoginServer.csproj" />
  </Folder>
  <Folder Name="/tests/">
    <Project Path="tests/Masicarus.Coordinator.Tests/Masicarus.Coordinator.Tests.csproj" />
    <Project Path="tests/Masicarus.LegacyProtocol.Tests/Masicarus.LegacyProtocol.Tests.csproj" />
  </Folder>
</Solution>
