<Solution>
  <Folder Name="/src/">
    <Project Path="src/Api/Masicarus.Api.csproj" />
    <Project Path="src/Application/Masicarus.Application.csproj" />
    <Project Path="src/Domain/Masicarus.Domain.csproj" />
    <Project Path="src/Infrastructure/Masicarus.Infrastructure.csproj" />
  </Folder>
  <Folder Name="/shared/">
    <Project Path="../game-server/libraries/contracts/Masicarus.Game.Contracts/Masicarus.Game.Contracts.csproj" />
    <Project Path="../game-server/libraries/runtime/Masicarus.Game.Runtime/Masicarus.Game.Runtime.csproj" />
  </Folder>
  <Folder Name="/tests/">
    <Project Path="tests/Api.Tests/Masicarus.Api.Tests.csproj" />
  </Folder>
</Solution>
