<Solution>
  <Folder Name="/src/">
    <Project Path="src/Masicarus.Api/Masicarus.Api.csproj" />
    <Project Path="src/Masicarus.Application/Masicarus.Application.csproj" />
    <Project Path="src/Masicarus.Domain/Masicarus.Domain.csproj" />
    <Project Path="src/Masicarus.Infrastructure/Masicarus.Infrastructure.csproj" />
  </Folder>
  <Folder Name="/tests/">
    <Project Path="tests/Masicarus.Api.Tests/Masicarus.Api.Tests.csproj" />
  </Folder>
</Solution>
